
Microsoft Visual Studio Solution File, Format Version 12.00
# Visual Studio Version 16
VisualStudioVersion = 16.0.29806.167
MinimumVisualStudioVersion = 10.0.40219.1
Project("{FAE04EC0-301F-11D3-BF4B-00C04F79EFBC}") = "task4", "task4\task4.csproj", "{73285109-49B7-4908-BDDD-09F52A47637C}"
EndProject
Global
	GlobalSection(SolutionConfigurationPlatforms) = preSolution
		Debug|Any CPU = Debug|Any CPU
		Release|Any CPU = Release|Any CPU
	EndGlobalSection
	GlobalSection(ProjectConfigurationPlatforms) = postSolution
		{73285109-49B7-4908-BDDD-09F52A47637C}.Debug|Any CPU.ActiveCfg = Debug|Any CPU
		{73285109-49B7-4908-BDDD-09F52A47637C}.Debug|Any CPU.Build.0 = Debug|Any CPU
		{73285109-49B7-4908-BDDD-09F52A47637C}.Release|Any CPU.ActiveCfg = Release|Any CPU
		{73285109-49B7-4908-BDDD-09F52A47637C}.Release|Any CPU.Build.0 = Release|Any CPU
	EndGlobalSection
	GlobalSection(SolutionProperties) = preSolution
		HideSolutionNode = FALSE
	EndGlobalSection
	GlobalSection(ExtensibilityGlobals) = postSolution
		SolutionGuid = {5D37FE62-88F7-4C47-8329-9B6C15F85BDF}
	EndGlobalSection
EndGlobal
